
Microsoft Visual Studio Solution File, Format Version 12.00
# Visual Studio Version 17
VisualStudioVersion = 17.3.32929.385
MinimumVisualStudioVersion = 10.0.40219.1
Project("{9A19103F-16F7-4668-BE54-9A1E7A4F7556}") = "RobotService", "RobotService\RobotService.csproj", "{40159F77-3298-4BEF-AED4-BDF2C387A1F1}"
EndProject
Project("{9A19103F-16F7-4668-BE54-9A1E7A4F7556}") = "RobotFactory", "RobotFactory\RobotFactory.csproj", "{117914A5-A291-476B-BA9B-B57CA7EFD328}"
EndProject
Project("{9A19103F-16F7-4668-BE54-9A1E7A4F7556}") = "RobotFactory.Tests", "RobotFactory.Tests\RobotFactory.Tests.csproj", "{2C25B62E-1F9B-419F-82B8-2D2998730F13}"
EndProject
Global
	GlobalSection(SolutionConfigurationPlatforms) = preSolution
		Debug|Any CPU = Debug|Any CPU
		Release|Any CPU = Release|Any CPU
	EndGlobalSection
	GlobalSection(ProjectConfigurationPlatforms) = postSolution
		{40159F77-3298-4BEF-AED4-BDF2C387A1F1}.Debug|Any CPU.ActiveCfg = Debug|Any CPU
		{40159F77-3298-4BEF-AED4-BDF2C387A1F1}.Debug|Any CPU.Build.0 = Debug|Any CPU
		{40159F77-3298-4BEF-AED4-BDF2C387A1F1}.Release|Any CPU.ActiveCfg = Release|Any CPU
		{40159F77-3298-4BEF-AED4-BDF2C387A1F1}.Release|Any CPU.Build.0 = Release|Any CPU
		{117914A5-A291-476B-BA9B-B57CA7EFD328}.Debug|Any CPU.ActiveCfg = Debug|Any CPU
		{117914A5-A291-476B-BA9B-B57CA7EFD328}.Debug|Any CPU.Build.0 = Debug|Any CPU
		{117914A5-A291-476B-BA9B-B57CA7EFD328}.Release|Any CPU.ActiveCfg = Release|Any CPU
		{117914A5-A291-476B-BA9B-B57CA7EFD328}.Release|Any CPU.Build.0 = Release|Any CPU
		{2C25B62E-1F9B-419F-82B8-2D2998730F13}.Debug|Any CPU.ActiveCfg = Debug|Any CPU
		{2C25B62E-1F9B-419F-82B8-2D2998730F13}.Debug|Any CPU.Build.0 = Debug|Any CPU
		{2C25B62E-1F9B-419F-82B8-2D2998730F13}.Release|Any CPU.ActiveCfg = Release|Any CPU
		{2C25B62E-1F9B-419F-82B8-2D2998730F13}.Release|Any CPU.Build.0 = Release|Any CPU
	EndGlobalSection
	GlobalSection(SolutionProperties) = preSolution
		HideSolutionNode = FALSE
	EndGlobalSection
	GlobalSection(ExtensibilityGlobals) = postSolution
		SolutionGuid = {AB52BB1B-2F56-45C8-B0B9-7E777D55D437}
	EndGlobalSection
EndGlobal
